
Microsoft Visual Studio Solution File, Format Version 12.00
# Visual Studio Version 17
VisualStudioVersion = 17.5.33530.505
MinimumVisualStudioVersion = 10.0.40219.1
Project("{FAE04EC0-301F-11D3-BF4B-00C04F79EFBC}") = "WinFormPrac31", "WinFormPrac31\WinFormPrac31.csproj", "{C1088B7E-7A9C-4C12-A55E-F14E4CBE6A71}"
EndProject
Global
	GlobalSection(SolutionConfigurationPlatforms) = preSolution
		Debug|Any CPU = Debug|Any CPU
		Release|Any CPU = Release|Any CPU
	EndGlobalSection
	GlobalSection(ProjectConfigurationPlatforms) = postSolution
		{C1088B7E-7A9C-4C12-A55E-F14E4CBE6A71}.Debug|Any CPU.ActiveCfg = Debug|Any CPU
		{C1088B7E-7A9C-4C12-A55E-F14E4CBE6A71}.Debug|Any CPU.Build.0 = Debug|Any CPU
		{C1088B7E-7A9C-4C12-A55E-F14E4CBE6A71}.Release|Any CPU.ActiveCfg = Release|Any CPU
		{C1088B7E-7A9C-4C12-A55E-F14E4CBE6A71}.Release|Any CPU.Build.0 = Release|Any CPU
	EndGlobalSection
	GlobalSection(SolutionProperties) = preSolution
		HideSolutionNode = FALSE
	EndGlobalSection
	GlobalSection(ExtensibilityGlobals) = postSolution
		SolutionGuid = {35E8BA53-F727-4FD7-81FE-C17E3A466F4B}
	EndGlobalSection
EndGlobal
